
Microsoft Visual Studio Solution File, Format Version 12.00
# Visual Studio 15
VisualStudioVersion = 15.0.26124.0
MinimumVisualStudioVersion = 15.0.26124.0
Project("{FAE04EC0-301F-11D3-BF4B-00C04F79EFBC}") = "Gneis", "gneis\Gneis.csproj", "{43C4207B-7CDB-4716-AD6E-FCD2AD9CF7F9}"
EndProject
Project("{FAE04EC0-301F-11D3-BF4B-00C04F79EFBC}") = "Datos", "Datos\Datos.csproj", "{83D6A70A-7B7F-4372-A795-F4291D8570AA}"
EndProject
Project("{FAE04EC0-301F-11D3-BF4B-00C04F79EFBC}") = "Logica", "Logica\Logica.csproj", "{DB2AA249-4EE5-4489-9B98-2D9F40DCDA68}"
EndProject
Project("{FAE04EC0-301F-11D3-BF4B-00C04F79EFBC}") = "Entidad", "Entidad\Entidad.csproj", "{FDC02D76-C3E7-49F7-8D54-FB05B6384A46}"
EndProject
Global
	GlobalSection(SolutionConfigurationPlatforms) = preSolution
		Debug|Any CPU = Debug|Any CPU
		Debug|x64 = Debug|x64
		Debug|x86 = Debug|x86
		Release|Any CPU = Release|Any CPU
		Release|x64 = Release|x64
		Release|x86 = Release|x86
	EndGlobalSection
	GlobalSection(SolutionProperties) = preSolution
		HideSolutionNode = FALSE
	EndGlobalSection
	GlobalSection(ProjectConfigurationPlatforms) = postSolution
		{43C4207B-7CDB-4716-AD6E-FCD2AD9CF7F9}.Debug|Any CPU.ActiveCfg = Debug|Any CPU
		{43C4207B-7CDB-4716-AD6E-FCD2AD9CF7F9}.Debug|Any CPU.Build.0 = Debug|Any CPU
		{43C4207B-7CDB-4716-AD6E-FCD2AD9CF7F9}.Debug|x64.ActiveCfg = Debug|Any CPU
		{43C4207B-7CDB-4716-AD6E-FCD2AD9CF7F9}.Debug|x64.Build.0 = Debug|Any CPU
		{43C4207B-7CDB-4716-AD6E-FCD2AD9CF7F9}.Debug|x86.ActiveCfg = Debug|Any CPU
		{43C4207B-7CDB-4716-AD6E-FCD2AD9CF7F9}.Debug|x86.Build.0 = Debug|Any CPU
		{43C4207B-7CDB-4716-AD6E-FCD2AD9CF7F9}.Release|Any CPU.ActiveCfg = Release|Any CPU
		{43C4207B-7CDB-4716-AD6E-FCD2AD9CF7F9}.Release|Any CPU.Build.0 = Release|Any CPU
		{43C4207B-7CDB-4716-AD6E-FCD2AD9CF7F9}.Release|x64.ActiveCfg = Release|Any CPU
		{43C4207B-7CDB-4716-AD6E-FCD2AD9CF7F9}.Release|x64.Build.0 = Release|Any CPU
		{43C4207B-7CDB-4716-AD6E-FCD2AD9CF7F9}.Release|x86.ActiveCfg = Release|Any CPU
		{43C4207B-7CDB-4716-AD6E-FCD2AD9CF7F9}.Release|x86.Build.0 = Release|Any CPU
		{83D6A70A-7B7F-4372-A795-F4291D8570AA}.Debug|Any CPU.ActiveCfg = Debug|Any CPU
		{83D6A70A-7B7F-4372-A795-F4291D8570AA}.Debug|Any CPU.Build.0 = Debug|Any CPU
		{83D6A70A-7B7F-4372-A795-F4291D8570AA}.Debug|x64.ActiveCfg = Debug|Any CPU
		{83D6A70A-7B7F-4372-A795-F4291D8570AA}.Debug|x64.Build.0 = Debug|Any CPU
		{83D6A70A-7B7F-4372-A795-F4291D8570AA}.Debug|x86.ActiveCfg = Debug|Any CPU
		{83D6A70A-7B7F-4372-A795-F4291D8570AA}.Debug|x86.Build.0 = Debug|Any CPU
		{83D6A70A-7B7F-4372-A795-F4291D8570AA}.Release|Any CPU.ActiveCfg = Release|Any CPU
		{83D6A70A-7B7F-4372-A795-F4291D8570AA}.Release|Any CPU.Build.0 = Release|Any CPU
		{83D6A70A-7B7F-4372-A795-F4291D8570AA}.Release|x64.ActiveCfg = Release|Any CPU
		{83D6A70A-7B7F-4372-A795-F4291D8570AA}.Release|x64.Build.0 = Release|Any CPU
		{83D6A70A-7B7F-4372-A795-F4291D8570AA}.Release|x86.ActiveCfg = Release|Any CPU
		{83D6A70A-7B7F-4372-A795-F4291D8570AA}.Release|x86.Build.0 = Release|Any CPU
		{DB2AA249-4EE5-4489-9B98-2D9F40DCDA68}.Debug|Any CPU.ActiveCfg = Debug|Any CPU
		{DB2AA249-4EE5-4489-9B98-2D9F40DCDA68}.Debug|Any CPU.Build.0 = Debug|Any CPU
		{DB2AA249-4EE5-4489-9B98-2D9F40DCDA68}.Debug|x64.ActiveCfg = Debug|Any CPU
		{DB2AA249-4EE5-4489-9B98-2D9F40DCDA68}.Debug|x64.Build.0 = Debug|Any CPU
		{DB2AA249-4EE5-4489-9B98-2D9F40DCDA68}.Debug|x86.ActiveCfg = Debug|Any CPU
		{DB2AA249-4EE5-4489-9B98-2D9F40DCDA68}.Debug|x86.Build.0 = Debug|Any CPU
		{DB2AA249-4EE5-4489-9B98-2D9F40DCDA68}.Release|Any CPU.ActiveCfg = Release|Any CPU
		{DB2AA249-4EE5-4489-9B98-2D9F40DCDA68}.Release|Any CPU.Build.0 = Release|Any CPU
		{DB2AA249-4EE5-4489-9B98-2D9F40DCDA68}.Release|x64.ActiveCfg = Release|Any CPU
		{DB2AA249-4EE5-4489-9B98-2D9F40DCDA68}.Release|x64.Build.0 = Release|Any CPU
		{DB2AA249-4EE5-4489-9B98-2D9F40DCDA68}.Release|x86.ActiveCfg = Release|Any CPU
		{DB2AA249-4EE5-4489-9B98-2D9F40DCDA68}.Release|x86.Build.0 = Release|Any CPU
		{FDC02D76-C3E7-49F7-8D54-FB05B6384A46}.Debug|Any CPU.ActiveCfg = Debug|Any CPU
		{FDC02D76-C3E7-49F7-8D54-FB05B6384A46}.Debug|Any CPU.Build.0 = Debug|Any CPU
		{FDC02D76-C3E7-49F7-8D54-FB05B6384A46}.Debug|x64.ActiveCfg = Debug|Any CPU
		{FDC02D76-C3E7-49F7-8D54-FB05B6384A46}.Debug|x64.Build.0 = Debug|Any CPU
		{FDC02D76-C3E7-49F7-8D54-FB05B6384A46}.Debug|x86.ActiveCfg = Debug|Any CPU
		{FDC02D76-C3E7-49F7-8D54-FB05B6384A46}.Debug|x86.Build.0 = Debug|Any CPU
		{FDC02D76-C3E7-49F7-8D54-FB05B6384A46}.Release|Any CPU.ActiveCfg = Release|Any CPU
		{FDC02D76-C3E7-49F7-8D54-FB05B6384A46}.Release|Any CPU.Build.0 = Release|Any CPU
		{FDC02D76-C3E7-49F7-8D54-FB05B6384A46}.Release|x64.ActiveCfg = Release|Any CPU
		{FDC02D76-C3E7-49F7-8D54-FB05B6384A46}.Release|x64.Build.0 = Release|Any CPU
		{FDC02D76-C3E7-49F7-8D54-FB05B6384A46}.Release|x86.ActiveCfg = Release|Any CPU
		{FDC02D76-C3E7-49F7-8D54-FB05B6384A46}.Release|x86.Build.0 = Release|Any CPU
	EndGlobalSection
EndGlobal
